
Microsoft Visual Studio Solution File, Format Version 12.00
# Visual Studio Version 17
VisualStudioVersion = 17.3.32901.215
MinimumVisualStudioVersion = 10.0.40219.1
Project("{9A19103F-16F7-4668-BE54-9A1E7A4F7556}") = "WeatherApi", "WeatherApi\WeatherApi.csproj", "{4C41AA83-5DC0-4C94-B33B-4D2D3A58B6C7}"
EndProject
Project("{2150E333-8FDC-42A3-9474-1A3956D46DE8}") = "Solution Items", "Solution Items", "{8A6A5CA8-2869-4636-A722-750AFAADE6B1}"
	ProjectSection(SolutionItems) = preProject
		.editorconfig = .editorconfig
	EndProjectSection
EndProject
Project("{FAE04EC0-301F-11D3-BF4B-00C04F79EFBC}") = "WeatherApp", "WeatherApp\WeatherApp.csproj", "{2EA7AFBE-657A-4504-AE7A-E18AA4730F4E}"
EndProject
Global
	GlobalSection(SolutionConfigurationPlatforms) = preSolution
		Debug|Any CPU = Debug|Any CPU
		Release|Any CPU = Release|Any CPU
	EndGlobalSection
	GlobalSection(ProjectConfigurationPlatforms) = postSolution
		{4C41AA83-5DC0-4C94-B33B-4D2D3A58B6C7}.Debug|Any CPU.ActiveCfg = Debug|Any CPU
		{4C41AA83-5DC0-4C94-B33B-4D2D3A58B6C7}.Debug|Any CPU.Build.0 = Debug|Any CPU
		{4C41AA83-5DC0-4C94-B33B-4D2D3A58B6C7}.Release|Any CPU.ActiveCfg = Release|Any CPU
		{4C41AA83-5DC0-4C94-B33B-4D2D3A58B6C7}.Release|Any CPU.Build.0 = Release|Any CPU
		{2EA7AFBE-657A-4504-AE7A-E18AA4730F4E}.Debug|Any CPU.ActiveCfg = Debug|Any CPU
		{2EA7AFBE-657A-4504-AE7A-E18AA4730F4E}.Debug|Any CPU.Build.0 = Debug|Any CPU
		{2EA7AFBE-657A-4504-AE7A-E18AA4730F4E}.Debug|Any CPU.Deploy.0 = Debug|Any CPU
		{2EA7AFBE-657A-4504-AE7A-E18AA4730F4E}.Release|Any CPU.ActiveCfg = Release|Any CPU
		{2EA7AFBE-657A-4504-AE7A-E18AA4730F4E}.Release|Any CPU.Build.0 = Release|Any CPU
		{2EA7AFBE-657A-4504-AE7A-E18AA4730F4E}.Release|Any CPU.Deploy.0 = Release|Any CPU
	EndGlobalSection
	GlobalSection(SolutionProperties) = preSolution
		HideSolutionNode = FALSE
	EndGlobalSection
	GlobalSection(ExtensibilityGlobals) = postSolution
		SolutionGuid = {480A8EE9-0712-4732-9B37-9F1F10B9BB68}
	EndGlobalSection
EndGlobal
